
Microsoft Visual Studio Solution File, Format Version 12.00
# Visual Studio Version 17
VisualStudioVersion = 17.9.34714.143
MinimumVisualStudioVersion = 10.0.40219.1
Project("{FAE04EC0-301F-11D3-BF4B-00C04F79EFBC}") = "DockerAPIProject", "DockerAPIProject.csproj", "{62EDBED8-EF58-48A5-9D4A-73F5D18F4899}"
EndProject
Global
	GlobalSection(SolutionConfigurationPlatforms) = preSolution
		Debug|Any CPU = Debug|Any CPU
		Release|Any CPU = Release|Any CPU
	EndGlobalSection
	GlobalSection(ProjectConfigurationPlatforms) = postSolution
		{62EDBED8-EF58-48A5-9D4A-73F5D18F4899}.Debug|Any CPU.ActiveCfg = Debug|Any CPU
		{62EDBED8-EF58-48A5-9D4A-73F5D18F4899}.Debug|Any CPU.Build.0 = Debug|Any CPU
		{62EDBED8-EF58-48A5-9D4A-73F5D18F4899}.Release|Any CPU.ActiveCfg = Release|Any CPU
		{62EDBED8-EF58-48A5-9D4A-73F5D18F4899}.Release|Any CPU.Build.0 = Release|Any CPU
	EndGlobalSection
	GlobalSection(SolutionProperties) = preSolution
		HideSolutionNode = FALSE
	EndGlobalSection
	GlobalSection(ExtensibilityGlobals) = postSolution
		SolutionGuid = {A260B896-1E29-4FED-9220-512AEB33AE39}
	EndGlobalSection
EndGlobal
